
Microsoft Visual Studio Solution File, Format Version 12.00
# Visual Studio Version 17
VisualStudioVersion = 17.1.32407.343
MinimumVisualStudioVersion = 10.0.40219.1
Project("{FAE04EC0-301F-11D3-BF4B-00C04F79EFBC}") = "TareaSemana2_DPortilla.Android", "TareaSemana2_DPortilla.Android\TareaSemana2_DPortilla.Android.csproj", "{D11F963D-3685-4A29-AEF1-7F1E802A179B}"
EndProject
Project("{FAE04EC0-301F-11D3-BF4B-00C04F79EFBC}") = "TareaSemana2_DPortilla.iOS", "TareaSemana2_DPortilla.iOS\TareaSemana2_DPortilla.iOS.csproj", "{089B32A5-FA75-4CC5-A661-79D875204747}"
EndProject
Project("{FAE04EC0-301F-11D3-BF4B-00C04F79EFBC}") = "TareaSemana2_DPortilla", "TareaSemana2_DPortilla\TareaSemana2_DPortilla.csproj", "{7CADE2CC-BEFB-4E5D-B655-0E527E48976F}"
EndProject
Global
	GlobalSection(SolutionConfigurationPlatforms) = preSolution
		Debug|Any CPU = Debug|Any CPU
		Debug|iPhone = Debug|iPhone
		Debug|iPhoneSimulator = Debug|iPhoneSimulator
		Release|Any CPU = Release|Any CPU
		Release|iPhone = Release|iPhone
		Release|iPhoneSimulator = Release|iPhoneSimulator
	EndGlobalSection
	GlobalSection(ProjectConfigurationPlatforms) = postSolution
		{D11F963D-3685-4A29-AEF1-7F1E802A179B}.Debug|Any CPU.ActiveCfg = Debug|Any CPU
		{D11F963D-3685-4A29-AEF1-7F1E802A179B}.Debug|Any CPU.Build.0 = Debug|Any CPU
		{D11F963D-3685-4A29-AEF1-7F1E802A179B}.Debug|Any CPU.Deploy.0 = Debug|Any CPU
		{D11F963D-3685-4A29-AEF1-7F1E802A179B}.Debug|iPhone.ActiveCfg = Debug|Any CPU
		{D11F963D-3685-4A29-AEF1-7F1E802A179B}.Debug|iPhone.Build.0 = Debug|Any CPU
		{D11F963D-3685-4A29-AEF1-7F1E802A179B}.Debug|iPhone.Deploy.0 = Debug|Any CPU
		{D11F963D-3685-4A29-AEF1-7F1E802A179B}.Debug|iPhoneSimulator.ActiveCfg = Debug|Any CPU
		{D11F963D-3685-4A29-AEF1-7F1E802A179B}.Debug|iPhoneSimulator.Build.0 = Debug|Any CPU
		{D11F963D-3685-4A29-AEF1-7F1E802A179B}.Debug|iPhoneSimulator.Deploy.0 = Debug|Any CPU
		{D11F963D-3685-4A29-AEF1-7F1E802A179B}.Release|Any CPU.ActiveCfg = Release|Any CPU
		{D11F963D-3685-4A29-AEF1-7F1E802A179B}.Release|Any CPU.Build.0 = Release|Any CPU
		{D11F963D-3685-4A29-AEF1-7F1E802A179B}.Release|Any CPU.Deploy.0 = Release|Any CPU
		{D11F963D-3685-4A29-AEF1-7F1E802A179B}.Release|iPhone.ActiveCfg = Release|Any CPU
		{D11F963D-3685-4A29-AEF1-7F1E802A179B}.Release|iPhone.Build.0 = Release|Any CPU
		{D11F963D-3685-4A29-AEF1-7F1E802A179B}.Release|iPhone.Deploy.0 = Release|Any CPU
		{D11F963D-3685-4A29-AEF1-7F1E802A179B}.Release|iPhoneSimulator.ActiveCfg = Release|Any CPU
		{D11F963D-3685-4A29-AEF1-7F1E802A179B}.Release|iPhoneSimulator.Build.0 = Release|Any CPU
		{D11F963D-3685-4A29-AEF1-7F1E802A179B}.Release|iPhoneSimulator.Deploy.0 = Release|Any CPU
		{089B32A5-FA75-4CC5-A661-79D875204747}.Debug|Any CPU.ActiveCfg = Debug|iPhone
		{089B32A5-FA75-4CC5-A661-79D875204747}.Debug|Any CPU.Build.0 = Debug|iPhone
		{089B32A5-FA75-4CC5-A661-79D875204747}.Debug|Any CPU.Deploy.0 = Debug|iPhone
		{089B32A5-FA75-4CC5-A661-79D875204747}.Debug|iPhone.ActiveCfg = Debug|iPhone
		{089B32A5-FA75-4CC5-A661-79D875204747}.Debug|iPhone.Build.0 = Debug|iPhone
		{089B32A5-FA75-4CC5-A661-79D875204747}.Debug|iPhone.Deploy.0 = Debug|iPhone
		{089B32A5-FA75-4CC5-A661-79D875204747}.Debug|iPhoneSimulator.ActiveCfg = Debug|iPhoneSimulator
		{089B32A5-FA75-4CC5-A661-79D875204747}.Debug|iPhoneSimulator.Build.0 = Debug|iPhoneSimulator
		{089B32A5-FA75-4CC5-A661-79D875204747}.Debug|iPhoneSimulator.Deploy.0 = Debug|iPhoneSimulator
		{089B32A5-FA75-4CC5-A661-79D875204747}.Release|Any CPU.ActiveCfg = Release|iPhoneSimulator
		{089B32A5-FA75-4CC5-A661-79D875204747}.Release|Any CPU.Build.0 = Release|iPhoneSimulator
		{089B32A5-FA75-4CC5-A661-79D875204747}.Release|Any CPU.Deploy.0 = Release|iPhoneSimulator
		{089B32A5-FA75-4CC5-A661-79D875204747}.Release|iPhone.ActiveCfg = Release|iPhone
		{089B32A5-FA75-4CC5-A661-79D875204747}.Release|iPhone.Build.0 = Release|iPhone
		{089B32A5-FA75-4CC5-A661-79D875204747}.Release|iPhone.Deploy.0 = Release|iPhone
		{089B32A5-FA75-4CC5-A661-79D875204747}.Release|iPhoneSimulator.ActiveCfg = Release|iPhoneSimulator
		{089B32A5-FA75-4CC5-A661-79D875204747}.Release|iPhoneSimulator.Build.0 = Release|iPhoneSimulator
		{089B32A5-FA75-4CC5-A661-79D875204747}.Release|iPhoneSimulator.Deploy.0 = Release|iPhoneSimulator
		{7CADE2CC-BEFB-4E5D-B655-0E527E48976F}.Debug|Any CPU.ActiveCfg = Debug|Any CPU
		{7CADE2CC-BEFB-4E5D-B655-0E527E48976F}.Debug|Any CPU.Build.0 = Debug|Any CPU
		{7CADE2CC-BEFB-4E5D-B655-0E527E48976F}.Debug|Any CPU.Deploy.0 = Debug|Any CPU
		{7CADE2CC-BEFB-4E5D-B655-0E527E48976F}.Debug|iPhone.ActiveCfg = Debug|Any CPU
		{7CADE2CC-BEFB-4E5D-B655-0E527E48976F}.Debug|iPhone.Build.0 = Debug|Any CPU
		{7CADE2CC-BEFB-4E5D-B655-0E527E48976F}.Debug|iPhone.Deploy.0 = Debug|Any CPU
		{7CADE2CC-BEFB-4E5D-B655-0E527E48976F}.Debug|iPhoneSimulator.ActiveCfg = Debug|Any CPU
		{7CADE2CC-BEFB-4E5D-B655-0E527E48976F}.Debug|iPhoneSimulator.Build.0 = Debug|Any CPU
		{7CADE2CC-BEFB-4E5D-B655-0E527E48976F}.Debug|iPhoneSimulator.Deploy.0 = Debug|Any CPU
		{7CADE2CC-BEFB-4E5D-B655-0E527E48976F}.Release|Any CPU.ActiveCfg = Release|Any CPU
		{7CADE2CC-BEFB-4E5D-B655-0E527E48976F}.Release|Any CPU.Build.0 = Release|Any CPU
		{7CADE2CC-BEFB-4E5D-B655-0E527E48976F}.Release|Any CPU.Deploy.0 = Release|Any CPU
		{7CADE2CC-BEFB-4E5D-B655-0E527E48976F}.Release|iPhone.ActiveCfg = Release|Any CPU
		{7CADE2CC-BEFB-4E5D-B655-0E527E48976F}.Release|iPhone.Build.0 = Release|Any CPU
		{7CADE2CC-BEFB-4E5D-B655-0E527E48976F}.Release|iPhone.Deploy.0 = Release|Any CPU
		{7CADE2CC-BEFB-4E5D-B655-0E527E48976F}.Release|iPhoneSimulator.ActiveCfg = Release|Any CPU
		{7CADE2CC-BEFB-4E5D-B655-0E527E48976F}.Release|iPhoneSimulator.Build.0 = Release|Any CPU
		{7CADE2CC-BEFB-4E5D-B655-0E527E48976F}.Release|iPhoneSimulator.Deploy.0 = Release|Any CPU
	EndGlobalSection
	GlobalSection(SolutionProperties) = preSolution
		HideSolutionNode = FALSE
	EndGlobalSection
	GlobalSection(ExtensibilityGlobals) = postSolution
		SolutionGuid = {8AAA1DE7-B80A-4F39-9542-5C5DDE1F6CA4}
	EndGlobalSection
EndGlobal
